
Microsoft Visual Studio Solution File, Format Version 10.00
# Visual C# Express 2008
Project("{FAE04EC0-301F-11D3-BF4B-00C04F79EFBC}") = "Asg03", "Asg03.csproj", "{DE131EF5-2534-41DF-B77F-2DDA1B3C9DCB}"
EndProject
Global
	GlobalSection(SolutionConfigurationPlatforms) = preSolution
		Debug|Any CPU = Debug|Any CPU
		Release|Any CPU = Release|Any CPU
	EndGlobalSection
	GlobalSection(ProjectConfigurationPlatforms) = postSolution
		{DE131EF5-2534-41DF-B77F-2DDA1B3C9DCB}.Debug|Any CPU.ActiveCfg = Debug|Any CPU
		{DE131EF5-2534-41DF-B77F-2DDA1B3C9DCB}.Debug|Any CPU.Build.0 = Debug|Any CPU
		{DE131EF5-2534-41DF-B77F-2DDA1B3C9DCB}.Release|Any CPU.ActiveCfg = Release|Any CPU
		{DE131EF5-2534-41DF-B77F-2DDA1B3C9DCB}.Release|Any CPU.Build.0 = Release|Any CPU
	EndGlobalSection
	GlobalSection(SolutionProperties) = preSolution
		HideSolutionNode = FALSE
	EndGlobalSection
EndGlobal
