
Microsoft Visual Studio Solution File, Format Version 10.00
# Visual C# Express 2008
Project("{FAE04EC0-301F-11D3-BF4B-00C04F79EFBC}") = "Asg04", "Asg04.csproj", "{3DF1F3D2-0F68-417F-89CB-0E5800B735EE}"
EndProject
Global
	GlobalSection(SolutionConfigurationPlatforms) = preSolution
		Debug|Any CPU = Debug|Any CPU
		Release|Any CPU = Release|Any CPU
	EndGlobalSection
	GlobalSection(ProjectConfigurationPlatforms) = postSolution
		{3DF1F3D2-0F68-417F-89CB-0E5800B735EE}.Debug|Any CPU.ActiveCfg = Debug|Any CPU
		{3DF1F3D2-0F68-417F-89CB-0E5800B735EE}.Debug|Any CPU.Build.0 = Debug|Any CPU
		{3DF1F3D2-0F68-417F-89CB-0E5800B735EE}.Release|Any CPU.ActiveCfg = Release|Any CPU
		{3DF1F3D2-0F68-417F-89CB-0E5800B735EE}.Release|Any CPU.Build.0 = Release|Any CPU
	EndGlobalSection
	GlobalSection(SolutionProperties) = preSolution
		HideSolutionNode = FALSE
	EndGlobalSection
EndGlobal
